PODS:
  - FlutterMacOS (1.0.0)
  - native_context_menu (0.0.1):
    - FlutterMacOS

DEPENDENCIES:
  - FlutterMacOS (from `Flutter/ephemeral`)
  - native_context_menu (from `Flutter/ephemeral/.symlinks/plugins/native_context_menu/macos`)

EXTERNAL SOURCES:
  FlutterMacOS:
    :path: Flutter/ephemeral
  native_context_menu:
    :path: Flutter/ephemeral/.symlinks/plugins/native_context_menu/macos

SPEC CHECKSUMS:
  FlutterMacOS: 57701585bf7de1b3fc2bb61f6378d73bbdea8424
  native_context_menu: 8b710e17c5962cf3f005b805eb97cce668b3839a

PODFILE CHECKSUM: 6eac6b3292e5142cfc23bdeb71848a40ec51c14c

COCOAPODS: 1.11.2
